
Microsoft Visual Studio Solution File, Format Version 12.00
# Visual Studio 14
VisualStudioVersion = 14.0.25420.1
MinimumVisualStudioVersion = 10.0.40219.1
Project("{FAE04EC0-301F-11D3-BF4B-00C04F79EFBC}") = "FinalProject", "FinalProject\FinalProject.csproj", "{8BA0A194-677A-45F6-865F-0D990A023BFC}"
EndProject
Project("{FAE04EC0-301F-11D3-BF4B-00C04F79EFBC}") = "FinalProject.BLL", "FinalProject.BLL\FinalProject.BLL.csproj", "{51D8F798-96AB-4F12-94EC-81CB3F508B95}"
EndProject
Project("{FAE04EC0-301F-11D3-BF4B-00C04F79EFBC}") = "FinalProject.DAL", "FinalProject.DAL\FinalProject.DAL.csproj", "{DFFC5936-AD75-4AF0-A483-0A3354F8CAFC}"
EndProject
Global
	GlobalSection(SolutionConfigurationPlatforms) = preSolution
		Debug|Any CPU = Debug|Any CPU
		Release|Any CPU = Release|Any CPU
	EndGlobalSection
	GlobalSection(ProjectConfigurationPlatforms) = postSolution
		{8BA0A194-677A-45F6-865F-0D990A023BFC}.Debug|Any CPU.ActiveCfg = Debug|Any CPU
		{8BA0A194-677A-45F6-865F-0D990A023BFC}.Debug|Any CPU.Build.0 = Debug|Any CPU
		{8BA0A194-677A-45F6-865F-0D990A023BFC}.Release|Any CPU.ActiveCfg = Release|Any CPU
		{8BA0A194-677A-45F6-865F-0D990A023BFC}.Release|Any CPU.Build.0 = Release|Any CPU
		{51D8F798-96AB-4F12-94EC-81CB3F508B95}.Debug|Any CPU.ActiveCfg = Debug|Any CPU
		{51D8F798-96AB-4F12-94EC-81CB3F508B95}.Debug|Any CPU.Build.0 = Debug|Any CPU
		{51D8F798-96AB-4F12-94EC-81CB3F508B95}.Release|Any CPU.ActiveCfg = Release|Any CPU
		{51D8F798-96AB-4F12-94EC-81CB3F508B95}.Release|Any CPU.Build.0 = Release|Any CPU
		{DFFC5936-AD75-4AF0-A483-0A3354F8CAFC}.Debug|Any CPU.ActiveCfg = Debug|Any CPU
		{DFFC5936-AD75-4AF0-A483-0A3354F8CAFC}.Debug|Any CPU.Build.0 = Debug|Any CPU
		{DFFC5936-AD75-4AF0-A483-0A3354F8CAFC}.Release|Any CPU.ActiveCfg = Release|Any CPU
		{DFFC5936-AD75-4AF0-A483-0A3354F8CAFC}.Release|Any CPU.Build.0 = Release|Any CPU
	EndGlobalSection
	GlobalSection(SolutionProperties) = preSolution
		HideSolutionNode = FALSE
	EndGlobalSection
EndGlobal
